{
    "_readme": [
        "This file locks the dependencies of your project to a known state",
        "Read more about it at https://getcomposer.org/doc/01-basic-usage.md#installing-dependencies",
        "This file is @generated automatically"
    ],
    "content-hash": "3be453cdb79577eb5a716818015f8ba9",
    "packages": [],
    "packages-dev": [
        {
            "name": "fkooman/put",
            "version": "0.3.4",
            "source": {
                "type": "git",
                "url": "https://git.sr.ht/~fkooman/put",
                "reference": "6223f7dbe81967657eebed7e27ae969ed515ec21"
            },
            "require": {
                "php": ">=5.4"
            },
            "suggest": {
                "ext-pcov": "Code Coverage"
            },
            "bin": [
                "bin/put"
            ],
            "type": "project",
            "autoload": {
                "classmap": [
                    "src/TestCase.php"
                ],
                "psr-4": {
                    "fkooman\\Put\\": "src/"
                }
            },
            "license": [
                "MIT"
            ],
            "authors": [
                {
                    "email": "fkooman@tuxed.net",
                    "name": "François Kooman"
                }
            ],
            "description": "PHP Unit Testing for Minimalists",
            "time": "2023-04-11T15:03:00+00:00"
        }
    ],
    "aliases": [],
    "minimum-stability": "stable",
    "stability-flags": [],
    "prefer-stable": false,
    "prefer-lowest": false,
    "platform": {
        "ext-curl": "*",
        "ext-json": "*",
        "ext-sodium": "*",
        "ext-spl": "*",
        "php": ">=7.4"
    },
    "platform-dev": [],
    "platform-overrides": {
        "php": "7.4.0"
    },
    "plugin-api-version": "2.3.0"
}
