{
    "_readme": [
        "This file locks the dependencies of your project to a known state",
        "Read more about it at https://getcomposer.org/doc/01-basic-usage.md#installing-dependencies",
        "This file is @generated automatically"
    ],
    "content-hash": "1f422b7d97c40be406d4b1306de9365f",
    "packages": [],
    "packages-dev": [
        {
            "name": "fkooman/put",
            "version": "0.3.1",
            "source": {
                "type": "git",
                "url": "https://git.sr.ht/~fkooman/put",
                "reference": "335f6de446c5e21c6b7a5614abe0a82520bd56dc"
            },
            "require": {
                "php": ">=5.4"
            },
            "suggest": {
                "ext-pcov": "Code Coverage"
            },
            "bin": [
                "bin/put"
            ],
            "type": "project",
            "autoload": {
                "classmap": [
                    "src/TestCase.php"
                ],
                "psr-4": {
                    "fkooman\\Put\\": "src/"
                }
            },
            "license": [
                "MIT"
            ],
            "authors": [
                {
                    "email": "fkooman@tuxed.net",
                    "name": "François Kooman"
                }
            ],
            "description": "PHP Unit Testing for Minimalists",
            "time": "2022-10-16T11:15:48+00:00"
        }
    ],
    "aliases": [],
    "minimum-stability": "stable",
    "stability-flags": [],
    "prefer-stable": false,
    "prefer-lowest": false,
    "platform": {
        "ext-curl": "*",
        "ext-sodium": "*",
        "ext-spl": "*",
        "php": ">=7.4"
    },
    "platform-dev": [],
    "platform-overrides": {
        "php": "7.4.0"
    },
    "plugin-api-version": "2.3.0"
}
